github.com/frosttkurr/go-say-hello v1.0.0 h1:2upiDy1TAR4U9gU6F47Z6yD9IGgOxJ0Dl21GHW8urEk=
github.com/frosttkurr/go-say-hello v1.0.0/go.mod h1:csSsi3dioq17FsU96uSJysUzsF8cXHPMRxcJU6KvB3M=
github.com/frosttkurr/go-say-hello v1.5.0 h1:x2KLSp67moU8ALOiMg1AO/GdCMQ0npt5f2LyT9aUbEw=
github.com/frosttkurr/go-say-hello v1.5.0/go.mod h1:csSsi3dioq17FsU96uSJysUzsF8cXHPMRxcJU6KvB3M=
github.com/frosttkurr/go-say-hello/v2 v2.0.0 h1:CrEA9j6sGJb/5BTahmX26pKL14uFvnpAid5uT24vcNM=
github.com/frosttkurr/go-say-hello/v2 v2.0.0/go.mod h1:BRx9Mbelhkn4ujBPiULRZT5H1EBbfyfyRcRW5Wi9KrA=
